<?xml version="1.0" encoding="utf-8"?>
<Project ToolsVersion="4.0" xmlns="http://schemas.microsoft.com/developer/msbuild/2003">
  <ItemGroup>
    <Filter Include="src">
      <UniqueIdentifier>{4FC737F1-C7A5-4376-A066-2A32D752A2FF}</UniqueIdentifier>
      <Extensions>cpp;c;cc;cxx;c++;cppm;ixx;def;odl;idl;hpj;bat;asm;asmx</Extensions>
    </Filter>
    <Filter Include="core">
      <UniqueIdentifier>{9278f947-6f95-49c6-9862-996607fafa68}</UniqueIdentifier>
    </Filter>
    <Filter Include="models">
      <UniqueIdentifier>{7d08e9e0-a6af-4580-ad81-210b4d10da45}</UniqueIdentifier>
    </Filter>
    <Filter Include="managers">
      <UniqueIdentifier>{58032341-c30a-46ba-b4f7-21920bbace80}</UniqueIdentifier>
    </Filter>
    <Filter Include="system">
      <UniqueIdentifier>{a828b2b4-9eda-47f3-96d0-24b34d92bc2d}</UniqueIdentifier>
    </Filter>
  </ItemGroup>
  <ItemGroup>
    <ClCompile Include="main.cpp">
      <Filter>src</Filter>
    </ClCompile>
    <ClCompile Include="MyString.cpp">
      <Filter>core</Filter>
    </ClCompile>
    <ClCompile Include="MyVector.hpp">
      <Filter>core</Filter>
    </ClCompile>
    <ClCompile Include="Date.cpp">
      <Filter>core</Filter>
    </ClCompile>
    <ClCompile Include="ActionLogger.cpp">
      <Filter>core</Filter>
    </ClCompile>
    <ClCompile Include="User.cpp">
      <Filter>models</Filter>
    </ClCompile>
    <ClCompile Include="UserManager.cpp">
      <Filter>managers</Filter>
    </ClCompile>
    <ClCompile Include="Room.cpp">
      <Filter>models</Filter>
    </ClCompile>
    <ClCompile Include="SingleRoom.cpp">
      <Filter>models</Filter>
    </ClCompile>
    <ClCompile Include="DoubleRoom.cpp">
      <Filter>models</Filter>
    </ClCompile>
    <ClCompile Include="LuxuryRoom.cpp">
      <Filter>models</Filter>
    </ClCompile>
    <ClCompile Include="ConferenceRoom.cpp">
      <Filter>models</Filter>
    </ClCompile>
    <ClCompile Include="Apartment.cpp">
      <Filter>models</Filter>
    </ClCompile>
    <ClCompile Include="RoomManager.cpp">
      <Filter>managers</Filter>
    </ClCompile>
    <ClCompile Include="Guest.cpp">
      <Filter>models</Filter>
    </ClCompile>
    <ClCompile Include="GuestManager.cpp">
      <Filter>managers</Filter>
    </ClCompile>
    <ClCompile Include="Reservation.cpp">
      <Filter>models</Filter>
    </ClCompile>
    <ClCompile Include="ReservationManager.h">
      <Filter>managers</Filter>
    </ClCompile>
    <ClCompile Include="ReservationManager.cpp">
      <Filter>managers</Filter>
    </ClCompile>
    <ClCompile Include="HotelSystem.cpp">
      <Filter>system</Filter>
    </ClCompile>
  </ItemGroup>
  <ItemGroup>
    <ClInclude Include="MyString.h">
      <Filter>core</Filter>
    </ClInclude>
    <ClInclude Include="MyVector.h">
      <Filter>core</Filter>
    </ClInclude>
    <ClInclude Include="Date.h">
      <Filter>core</Filter>
    </ClInclude>
    <ClInclude Include="ActionLogger.h">
      <Filter>core</Filter>
    </ClInclude>
    <ClInclude Include="User.h">
      <Filter>models</Filter>
    </ClInclude>
    <ClInclude Include="UserManager.h">
      <Filter>managers</Filter>
    </ClInclude>
    <ClInclude Include="Room.h">
      <Filter>models</Filter>
    </ClInclude>
    <ClInclude Include="SingleRoom.h">
      <Filter>models</Filter>
    </ClInclude>
    <ClInclude Include="DoubleRoom.h">
      <Filter>models</Filter>
    </ClInclude>
    <ClInclude Include="LuxuryRoom.h">
      <Filter>models</Filter>
    </ClInclude>
    <ClInclude Include="ConferenceRoom.h">
      <Filter>models</Filter>
    </ClInclude>
    <ClInclude Include="Apartment.h">
      <Filter>models</Filter>
    </ClInclude>
    <ClInclude Include="RoomManager.h">
      <Filter>managers</Filter>
    </ClInclude>
    <ClInclude Include="Guest.h">
      <Filter>models</Filter>
    </ClInclude>
    <ClInclude Include="GuestManager.h">
      <Filter>managers</Filter>
    </ClInclude>
    <ClInclude Include="Reservation.h">
      <Filter>models</Filter>
    </ClInclude>
    <ClInclude Include="HotelSystem.h">
      <Filter>system</Filter>
    </ClInclude>
  </ItemGroup>
</Project>